
Microsoft Visual Studio Solution File, Format Version 12.00
# Visual Studio Version 17
VisualStudioVersion = 17.12.35506.116 d17.12
MinimumVisualStudioVersion = 10.0.40219.1
Project("{FAE04EC0-301F-11D3-BF4B-00C04F79EFBC}") = "AppData", "AppData\AppData.csproj", "{A94E4927-8110-4D30-AE96-974F12D41B5E}"
EndProject
Project("{FAE04EC0-301F-11D3-BF4B-00C04F79EFBC}") = "AppAPI", "AppAPI\AppAPI.csproj", "{F7BBCFD5-C08C-4989-B170-2C4ACD0316B6}"
EndProject
Project("{FAE04EC0-301F-11D3-BF4B-00C04F79EFBC}") = "AppView", "AppView\AppView.csproj", "{26B1A17D-A672-450D-AE2E-5CE836BD9308}"
EndProject
Global
	GlobalSection(SolutionConfigurationPlatforms) = preSolution
		Debug|Any CPU = Debug|Any CPU
		Release|Any CPU = Release|Any CPU
	EndGlobalSection
	GlobalSection(ProjectConfigurationPlatforms) = postSolution
		{A94E4927-8110-4D30-AE96-974F12D41B5E}.Debug|Any CPU.ActiveCfg = Debug|Any CPU
		{A94E4927-8110-4D30-AE96-974F12D41B5E}.Debug|Any CPU.Build.0 = Debug|Any CPU
		{A94E4927-8110-4D30-AE96-974F12D41B5E}.Release|Any CPU.ActiveCfg = Release|Any CPU
		{A94E4927-8110-4D30-AE96-974F12D41B5E}.Release|Any CPU.Build.0 = Release|Any CPU
		{F7BBCFD5-C08C-4989-B170-2C4ACD0316B6}.Debug|Any CPU.ActiveCfg = Debug|Any CPU
		{F7BBCFD5-C08C-4989-B170-2C4ACD0316B6}.Debug|Any CPU.Build.0 = Debug|Any CPU
		{F7BBCFD5-C08C-4989-B170-2C4ACD0316B6}.Release|Any CPU.ActiveCfg = Release|Any CPU
		{F7BBCFD5-C08C-4989-B170-2C4ACD0316B6}.Release|Any CPU.Build.0 = Release|Any CPU
		{26B1A17D-A672-450D-AE2E-5CE836BD9308}.Debug|Any CPU.ActiveCfg = Debug|Any CPU
		{26B1A17D-A672-450D-AE2E-5CE836BD9308}.Debug|Any CPU.Build.0 = Debug|Any CPU
		{26B1A17D-A672-450D-AE2E-5CE836BD9308}.Release|Any CPU.ActiveCfg = Release|Any CPU
		{26B1A17D-A672-450D-AE2E-5CE836BD9308}.Release|Any CPU.Build.0 = Release|Any CPU
	EndGlobalSection
	GlobalSection(SolutionProperties) = preSolution
		HideSolutionNode = FALSE
	EndGlobalSection
EndGlobal
